
Microsoft Visual Studio Solution File, Format Version 12.00
# Visual Studio 15
VisualStudioVersion = 15.0.28307.1738
MinimumVisualStudioVersion = 10.0.40219.1
Project("{FAE04EC0-301F-11D3-BF4B-00C04F79EFBC}") = "Shell.UWP", "Shell\Shell.UWP.csproj", "{B3C05A73-451A-49AD-8698-CF5FC74BFBD4}"
EndProject
Project("{FAE04EC0-301F-11D3-BF4B-00C04F79EFBC}") = "Shell.LiveTilesAccessLibrary", "Shell.LiveTilesAccessLibrary\Shell.LiveTilesAccessLibrary.csproj", "{B405DA0D-19D9-461E-8DC0-BAA1C6DBF790}"
EndProject
Project("{FAE04EC0-301F-11D3-BF4B-00C04F79EFBC}") = "NotificationsVisualizerLibrary", "NotificationsVisualizerLibrary\NotificationsVisualizerLibrary\NotificationsVisualizerLibrary.csproj", "{220F3A47-BEC1-40EF-BE2D-98A8345AB983}"
EndProject
Project("{2150E333-8FDC-42A3-9474-1A3956D46DE8}") = "Libraries", "Libraries", "{116061DC-9FE5-45CC-A3FD-493672B1E13D}"
EndProject
Project("{C7167F0D-BC9F-4E6E-AFE1-012C56B48DB5}") = "Shell.Packaging", "Shell.Packaging\Shell.Packaging.wapproj", "{E5F83D86-9EDB-45D6-AD33-8E8C5B668255}"
EndProject
Project("{2150E333-8FDC-42A3-9474-1A3956D46DE8}") = "Solution Items", "Solution Items", "{646804D3-AC1E-4A5C-BE3F-955DB0E04C32}"
	ProjectSection(SolutionItems) = preProject
		README.md = README.md
	EndProjectSection
EndProject
Project("{9A19103F-16F7-4668-BE54-9A1E7A4F7556}") = "Shell.Host", "Shell.Host\Shell.Host.csproj", "{FAEBCF3F-56B0-484F-93C3-B5E3D01BCCC7}"
EndProject
Project("{FAE04EC0-301F-11D3-BF4B-00C04F79EFBC}") = "Shell.Controls", "Shell.Controls\Shell.Controls.csproj", "{2669EBC6-06B4-44F2-9B86-421A5272973E}"
EndProject
Project("{FAE04EC0-301F-11D3-BF4B-00C04F79EFBC}") = "Shell.Models", "Shell.Models\Shell.Models.csproj", "{292B1E99-E2C3-4AE7-A46F-B3F392FAF301}"
EndProject
Global
	GlobalSection(SolutionConfigurationPlatforms) = preSolution
		Debug|Any CPU = Debug|Any CPU
		Debug|ARM = Debug|ARM
		Debug|ARM64 = Debug|ARM64
		Debug|x64 = Debug|x64
		Debug|x86 = Debug|x86
		Release|Any CPU = Release|Any CPU
		Release|ARM = Release|ARM
		Release|ARM64 = Release|ARM64
		Release|x64 = Release|x64
		Release|x86 = Release|x86
	EndGlobalSection
	GlobalSection(ProjectConfigurationPlatforms) = postSolution
		{B3C05A73-451A-49AD-8698-CF5FC74BFBD4}.Debug|Any CPU.ActiveCfg = Debug|x86
		{B3C05A73-451A-49AD-8698-CF5FC74BFBD4}.Debug|ARM.ActiveCfg = Debug|ARM
		{B3C05A73-451A-49AD-8698-CF5FC74BFBD4}.Debug|ARM.Build.0 = Debug|ARM
		{B3C05A73-451A-49AD-8698-CF5FC74BFBD4}.Debug|ARM.Deploy.0 = Debug|ARM
		{B3C05A73-451A-49AD-8698-CF5FC74BFBD4}.Debug|ARM64.ActiveCfg = Debug|ARM64
		{B3C05A73-451A-49AD-8698-CF5FC74BFBD4}.Debug|ARM64.Build.0 = Debug|ARM64
		{B3C05A73-451A-49AD-8698-CF5FC74BFBD4}.Debug|ARM64.Deploy.0 = Debug|ARM64
		{B3C05A73-451A-49AD-8698-CF5FC74BFBD4}.Debug|x64.ActiveCfg = Debug|x64
		{B3C05A73-451A-49AD-8698-CF5FC74BFBD4}.Debug|x64.Build.0 = Debug|x64
		{B3C05A73-451A-49AD-8698-CF5FC74BFBD4}.Debug|x64.Deploy.0 = Debug|x64
		{B3C05A73-451A-49AD-8698-CF5FC74BFBD4}.Debug|x86.ActiveCfg = Debug|x86
		{B3C05A73-451A-49AD-8698-CF5FC74BFBD4}.Debug|x86.Build.0 = Debug|x86
		{B3C05A73-451A-49AD-8698-CF5FC74BFBD4}.Debug|x86.Deploy.0 = Debug|x86
		{B3C05A73-451A-49AD-8698-CF5FC74BFBD4}.Release|Any CPU.ActiveCfg = Release|x86
		{B3C05A73-451A-49AD-8698-CF5FC74BFBD4}.Release|ARM.ActiveCfg = Release|ARM
		{B3C05A73-451A-49AD-8698-CF5FC74BFBD4}.Release|ARM.Build.0 = Release|ARM
		{B3C05A73-451A-49AD-8698-CF5FC74BFBD4}.Release|ARM.Deploy.0 = Release|ARM
		{B3C05A73-451A-49AD-8698-CF5FC74BFBD4}.Release|ARM64.ActiveCfg = Release|ARM64
		{B3C05A73-451A-49AD-8698-CF5FC74BFBD4}.Release|ARM64.Build.0 = Release|ARM64
		{B3C05A73-451A-49AD-8698-CF5FC74BFBD4}.Release|ARM64.Deploy.0 = Release|ARM64
		{B3C05A73-451A-49AD-8698-CF5FC74BFBD4}.Release|x64.ActiveCfg = Release|x64
		{B3C05A73-451A-49AD-8698-CF5FC74BFBD4}.Release|x64.Build.0 = Release|x64
		{B3C05A73-451A-49AD-8698-CF5FC74BFBD4}.Release|x64.Deploy.0 = Release|x64
		{B3C05A73-451A-49AD-8698-CF5FC74BFBD4}.Release|x86.ActiveCfg = Release|x86
		{B3C05A73-451A-49AD-8698-CF5FC74BFBD4}.Release|x86.Build.0 = Release|x86
		{B3C05A73-451A-49AD-8698-CF5FC74BFBD4}.Release|x86.Deploy.0 = Release|x86
		{B405DA0D-19D9-461E-8DC0-BAA1C6DBF790}.Debug|Any CPU.ActiveCfg = Debug|x86
		{B405DA0D-19D9-461E-8DC0-BAA1C6DBF790}.Debug|ARM.ActiveCfg = Debug|ARM
		{B405DA0D-19D9-461E-8DC0-BAA1C6DBF790}.Debug|ARM.Build.0 = Debug|ARM
		{B405DA0D-19D9-461E-8DC0-BAA1C6DBF790}.Debug|ARM64.ActiveCfg = Debug|ARM64
		{B405DA0D-19D9-461E-8DC0-BAA1C6DBF790}.Debug|ARM64.Build.0 = Debug|ARM64
		{B405DA0D-19D9-461E-8DC0-BAA1C6DBF790}.Debug|x64.ActiveCfg = Debug|x64
		{B405DA0D-19D9-461E-8DC0-BAA1C6DBF790}.Debug|x64.Build.0 = Debug|x64
		{B405DA0D-19D9-461E-8DC0-BAA1C6DBF790}.Debug|x86.ActiveCfg = Debug|x86
		{B405DA0D-19D9-461E-8DC0-BAA1C6DBF790}.Debug|x86.Build.0 = Debug|x86
		{B405DA0D-19D9-461E-8DC0-BAA1C6DBF790}.Release|Any CPU.ActiveCfg = Release|x86
		{B405DA0D-19D9-461E-8DC0-BAA1C6DBF790}.Release|ARM.ActiveCfg = Release|ARM
		{B405DA0D-19D9-461E-8DC0-BAA1C6DBF790}.Release|ARM.Build.0 = Release|ARM
		{B405DA0D-19D9-461E-8DC0-BAA1C6DBF790}.Release|ARM64.ActiveCfg = Release|ARM64
		{B405DA0D-19D9-461E-8DC0-BAA1C6DBF790}.Release|ARM64.Build.0 = Release|ARM64
		{B405DA0D-19D9-461E-8DC0-BAA1C6DBF790}.Release|x64.ActiveCfg = Release|x64
		{B405DA0D-19D9-461E-8DC0-BAA1C6DBF790}.Release|x64.Build.0 = Release|x64
		{B405DA0D-19D9-461E-8DC0-BAA1C6DBF790}.Release|x86.ActiveCfg = Release|x86
		{B405DA0D-19D9-461E-8DC0-BAA1C6DBF790}.Release|x86.Build.0 = Release|x86
		{220F3A47-BEC1-40EF-BE2D-98A8345AB983}.Debug|Any CPU.ActiveCfg = Debug|x86
		{220F3A47-BEC1-40EF-BE2D-98A8345AB983}.Debug|ARM.ActiveCfg = Debug|ARM
		{220F3A47-BEC1-40EF-BE2D-98A8345AB983}.Debug|ARM.Build.0 = Debug|ARM
		{220F3A47-BEC1-40EF-BE2D-98A8345AB983}.Debug|ARM64.ActiveCfg = Debug|ARM64
		{220F3A47-BEC1-40EF-BE2D-98A8345AB983}.Debug|ARM64.Build.0 = Debug|ARM64
		{220F3A47-BEC1-40EF-BE2D-98A8345AB983}.Debug|x64.ActiveCfg = Debug|x64
		{220F3A47-BEC1-40EF-BE2D-98A8345AB983}.Debug|x64.Build.0 = Debug|x64
		{220F3A47-BEC1-40EF-BE2D-98A8345AB983}.Debug|x86.ActiveCfg = Debug|x86
		{220F3A47-BEC1-40EF-BE2D-98A8345AB983}.Debug|x86.Build.0 = Debug|x86
		{220F3A47-BEC1-40EF-BE2D-98A8345AB983}.Release|Any CPU.ActiveCfg = Release|x86
		{220F3A47-BEC1-40EF-BE2D-98A8345AB983}.Release|ARM.ActiveCfg = Release|ARM
		{220F3A47-BEC1-40EF-BE2D-98A8345AB983}.Release|ARM.Build.0 = Release|ARM
		{220F3A47-BEC1-40EF-BE2D-98A8345AB983}.Release|ARM64.ActiveCfg = Release|ARM64
		{220F3A47-BEC1-40EF-BE2D-98A8345AB983}.Release|ARM64.Build.0 = Release|ARM64
		{220F3A47-BEC1-40EF-BE2D-98A8345AB983}.Release|x64.ActiveCfg = Release|x64
		{220F3A47-BEC1-40EF-BE2D-98A8345AB983}.Release|x64.Build.0 = Release|x64
		{220F3A47-BEC1-40EF-BE2D-98A8345AB983}.Release|x86.ActiveCfg = Release|x86
		{220F3A47-BEC1-40EF-BE2D-98A8345AB983}.Release|x86.Build.0 = Release|x86
		{E5F83D86-9EDB-45D6-AD33-8E8C5B668255}.Debug|Any CPU.ActiveCfg = Debug|x86
		{E5F83D86-9EDB-45D6-AD33-8E8C5B668255}.Debug|ARM.ActiveCfg = Debug|x86
		{E5F83D86-9EDB-45D6-AD33-8E8C5B668255}.Debug|ARM64.ActiveCfg = Debug|ARM64
		{E5F83D86-9EDB-45D6-AD33-8E8C5B668255}.Debug|ARM64.Build.0 = Debug|ARM64
		{E5F83D86-9EDB-45D6-AD33-8E8C5B668255}.Debug|ARM64.Deploy.0 = Debug|ARM64
		{E5F83D86-9EDB-45D6-AD33-8E8C5B668255}.Debug|x64.ActiveCfg = Debug|x64
		{E5F83D86-9EDB-45D6-AD33-8E8C5B668255}.Debug|x64.Build.0 = Debug|x64
		{E5F83D86-9EDB-45D6-AD33-8E8C5B668255}.Debug|x64.Deploy.0 = Debug|x64
		{E5F83D86-9EDB-45D6-AD33-8E8C5B668255}.Debug|x86.ActiveCfg = Debug|x86
		{E5F83D86-9EDB-45D6-AD33-8E8C5B668255}.Debug|x86.Build.0 = Debug|x86
		{E5F83D86-9EDB-45D6-AD33-8E8C5B668255}.Debug|x86.Deploy.0 = Debug|x86
		{E5F83D86-9EDB-45D6-AD33-8E8C5B668255}.Release|Any CPU.ActiveCfg = Release|x86
		{E5F83D86-9EDB-45D6-AD33-8E8C5B668255}.Release|ARM.ActiveCfg = Release|x86
		{E5F83D86-9EDB-45D6-AD33-8E8C5B668255}.Release|ARM64.ActiveCfg = Release|ARM64
		{E5F83D86-9EDB-45D6-AD33-8E8C5B668255}.Release|ARM64.Build.0 = Release|ARM64
		{E5F83D86-9EDB-45D6-AD33-8E8C5B668255}.Release|ARM64.Deploy.0 = Release|ARM64
		{E5F83D86-9EDB-45D6-AD33-8E8C5B668255}.Release|x64.ActiveCfg = Release|x64
		{E5F83D86-9EDB-45D6-AD33-8E8C5B668255}.Release|x64.Build.0 = Release|x64
		{E5F83D86-9EDB-45D6-AD33-8E8C5B668255}.Release|x64.Deploy.0 = Release|x64
		{E5F83D86-9EDB-45D6-AD33-8E8C5B668255}.Release|x86.ActiveCfg = Release|x86
		{E5F83D86-9EDB-45D6-AD33-8E8C5B668255}.Release|x86.Build.0 = Release|x86
		{E5F83D86-9EDB-45D6-AD33-8E8C5B668255}.Release|x86.Deploy.0 = Release|x86
		{FAEBCF3F-56B0-484F-93C3-B5E3D01BCCC7}.Debug|Any CPU.ActiveCfg = Debug|x86
		{FAEBCF3F-56B0-484F-93C3-B5E3D01BCCC7}.Debug|ARM.ActiveCfg = Debug|x86
		{FAEBCF3F-56B0-484F-93C3-B5E3D01BCCC7}.Debug|ARM64.ActiveCfg = Debug|x86
		{FAEBCF3F-56B0-484F-93C3-B5E3D01BCCC7}.Debug|x64.ActiveCfg = Debug|x64
		{FAEBCF3F-56B0-484F-93C3-B5E3D01BCCC7}.Debug|x64.Build.0 = Debug|x64
		{FAEBCF3F-56B0-484F-93C3-B5E3D01BCCC7}.Debug|x86.ActiveCfg = Debug|x86
		{FAEBCF3F-56B0-484F-93C3-B5E3D01BCCC7}.Debug|x86.Build.0 = Debug|x86
		{FAEBCF3F-56B0-484F-93C3-B5E3D01BCCC7}.Release|Any CPU.ActiveCfg = Release|x86
		{FAEBCF3F-56B0-484F-93C3-B5E3D01BCCC7}.Release|ARM.ActiveCfg = Release|x86
		{FAEBCF3F-56B0-484F-93C3-B5E3D01BCCC7}.Release|ARM64.ActiveCfg = Release|x86
		{FAEBCF3F-56B0-484F-93C3-B5E3D01BCCC7}.Release|x64.ActiveCfg = Release|x64
		{FAEBCF3F-56B0-484F-93C3-B5E3D01BCCC7}.Release|x64.Build.0 = Release|x64
		{FAEBCF3F-56B0-484F-93C3-B5E3D01BCCC7}.Release|x86.ActiveCfg = Release|x86
		{FAEBCF3F-56B0-484F-93C3-B5E3D01BCCC7}.Release|x86.Build.0 = Release|x86
		{2669EBC6-06B4-44F2-9B86-421A5272973E}.Debug|Any CPU.ActiveCfg = Debug|x86
		{2669EBC6-06B4-44F2-9B86-421A5272973E}.Debug|ARM.ActiveCfg = Debug|ARM
		{2669EBC6-06B4-44F2-9B86-421A5272973E}.Debug|ARM.Build.0 = Debug|ARM
		{2669EBC6-06B4-44F2-9B86-421A5272973E}.Debug|ARM64.ActiveCfg = Debug|ARM64
		{2669EBC6-06B4-44F2-9B86-421A5272973E}.Debug|ARM64.Build.0 = Debug|ARM64
		{2669EBC6-06B4-44F2-9B86-421A5272973E}.Debug|x64.ActiveCfg = Debug|x64
		{2669EBC6-06B4-44F2-9B86-421A5272973E}.Debug|x64.Build.0 = Debug|x64
		{2669EBC6-06B4-44F2-9B86-421A5272973E}.Debug|x86.ActiveCfg = Debug|x86
		{2669EBC6-06B4-44F2-9B86-421A5272973E}.Debug|x86.Build.0 = Debug|x86
		{2669EBC6-06B4-44F2-9B86-421A5272973E}.Release|Any CPU.ActiveCfg = Release|x86
		{2669EBC6-06B4-44F2-9B86-421A5272973E}.Release|ARM.ActiveCfg = Release|ARM
		{2669EBC6-06B4-44F2-9B86-421A5272973E}.Release|ARM.Build.0 = Release|ARM
		{2669EBC6-06B4-44F2-9B86-421A5272973E}.Release|ARM64.ActiveCfg = Release|ARM64
		{2669EBC6-06B4-44F2-9B86-421A5272973E}.Release|ARM64.Build.0 = Release|ARM64
		{2669EBC6-06B4-44F2-9B86-421A5272973E}.Release|x64.ActiveCfg = Release|x64
		{2669EBC6-06B4-44F2-9B86-421A5272973E}.Release|x64.Build.0 = Release|x64
		{2669EBC6-06B4-44F2-9B86-421A5272973E}.Release|x86.ActiveCfg = Release|x86
		{2669EBC6-06B4-44F2-9B86-421A5272973E}.Release|x86.Build.0 = Release|x86
		{292B1E99-E2C3-4AE7-A46F-B3F392FAF301}.Debug|Any CPU.ActiveCfg = Debug|Any CPU
		{292B1E99-E2C3-4AE7-A46F-B3F392FAF301}.Debug|Any CPU.Build.0 = Debug|Any CPU
		{292B1E99-E2C3-4AE7-A46F-B3F392FAF301}.Debug|ARM.ActiveCfg = Debug|ARM
		{292B1E99-E2C3-4AE7-A46F-B3F392FAF301}.Debug|ARM.Build.0 = Debug|ARM
		{292B1E99-E2C3-4AE7-A46F-B3F392FAF301}.Debug|ARM64.ActiveCfg = Debug|ARM64
		{292B1E99-E2C3-4AE7-A46F-B3F392FAF301}.Debug|ARM64.Build.0 = Debug|ARM64
		{292B1E99-E2C3-4AE7-A46F-B3F392FAF301}.Debug|x64.ActiveCfg = Debug|x64
		{292B1E99-E2C3-4AE7-A46F-B3F392FAF301}.Debug|x64.Build.0 = Debug|x64
		{292B1E99-E2C3-4AE7-A46F-B3F392FAF301}.Debug|x86.ActiveCfg = Debug|x86
		{292B1E99-E2C3-4AE7-A46F-B3F392FAF301}.Debug|x86.Build.0 = Debug|x86
		{292B1E99-E2C3-4AE7-A46F-B3F392FAF301}.Release|Any CPU.ActiveCfg = Release|Any CPU
		{292B1E99-E2C3-4AE7-A46F-B3F392FAF301}.Release|Any CPU.Build.0 = Release|Any CPU
		{292B1E99-E2C3-4AE7-A46F-B3F392FAF301}.Release|ARM.ActiveCfg = Release|ARM
		{292B1E99-E2C3-4AE7-A46F-B3F392FAF301}.Release|ARM.Build.0 = Release|ARM
		{292B1E99-E2C3-4AE7-A46F-B3F392FAF301}.Release|ARM64.ActiveCfg = Release|ARM64
		{292B1E99-E2C3-4AE7-A46F-B3F392FAF301}.Release|ARM64.Build.0 = Release|ARM64
		{292B1E99-E2C3-4AE7-A46F-B3F392FAF301}.Release|x64.ActiveCfg = Release|x64
		{292B1E99-E2C3-4AE7-A46F-B3F392FAF301}.Release|x64.Build.0 = Release|x64
		{292B1E99-E2C3-4AE7-A46F-B3F392FAF301}.Release|x86.ActiveCfg = Release|x86
		{292B1E99-E2C3-4AE7-A46F-B3F392FAF301}.Release|x86.Build.0 = Release|x86
	EndGlobalSection
	GlobalSection(SolutionProperties) = preSolution
		HideSolutionNode = FALSE
	EndGlobalSection
	GlobalSection(NestedProjects) = preSolution
		{220F3A47-BEC1-40EF-BE2D-98A8345AB983} = {116061DC-9FE5-45CC-A3FD-493672B1E13D}
	EndGlobalSection
	GlobalSection(ExtensibilityGlobals) = postSolution
		SolutionGuid = {FEC9161B-38DF-4BB1-9A99-8C5160C28152}
	EndGlobalSection
EndGlobal
