{
  "version": 1,
  "dependencies": {
    "UAP,Version=v10.0.18362": {
      "Microsoft.Data.Sqlite": {
        "type": "Direct",
        "requested": "[9.0.6, )",
        "resolved": "9.0.6",
        "contentHash": "JtLL15uSBqqkDs6mhRc4rUbNPaJJCgN+gGQfLs+paD600td6V6YGgOreXWWoIKdq2eyRipggSJnE/eM5PlxYVA==",
        "dependencies": {
          "Microsoft.Data.Sqlite.Core": "9.0.6",
          "SQLitePCLRaw.bundle_e_sqlite3": "2.1.10",
          "SQLitePCLRaw.core": "2.1.10"
        }
      },
      "Microsoft.Data.Sqlite.Core": {
        "type": "Direct",
        "requested": "[9.0.6, )",
        "resolved": "9.0.6",
        "contentHash": "3auiudiViGzj1TidUdjuDqtP3+f6PBk4xdw6r9sBaTtkYoGc3AZn0cP8LgYZaLRnJBqY5bXRLB+qhjoB+iATzA==",
        "dependencies": {
          "SQLitePCLRaw.core": "2.1.10"
        }
      },
      "Microsoft.NETCore.UniversalWindowsPlatform": {
        "type": "Direct",
        "requested": "[6.2.14, )",
        "resolved": "6.2.14",
        "contentHash": "7Mi4cS8JQ7gqm+W+SRCq13c2Rr0yZTuczC9EbV6gRigE2ZhQalnLHyat0ZshT5HDMSkFDxTyjwZymUgFuv3+eg==",
        "dependencies": {
          "Microsoft.NETCore.Platforms": "2.1.0",
          "Microsoft.Net.Native.Compiler": "2.2.12-rel-31116-00",
          "Microsoft.Net.UWPCoreRuntimeSdk": "2.2.14",
          "NETStandard.Library": "2.0.3"
        }
      },
      "Microsoft.Net.Native.Compiler": {
        "type": "Transitive",
        "resolved": "2.2.12-rel-31116-00",
        "contentHash": "DuANSYEBO7qcIeqzI1mShJMweuQVBycbCRUW6mIb1QxorSiWLSWEJZNv/X7TdW3dcjfZdZFVsEWDCnJUolIPrQ==",
        "dependencies": {
          "runtime.win10-arm.Microsoft.Net.Native.Compiler": "2.2.12-rel-31116-00",
          "runtime.win10-arm64.Microsoft.Net.Native.Compiler": "2.2.12-rel-31116-00",
          "runtime.win10-x64.Microsoft.Net.Native.Compiler": "2.2.12-rel-31116-00",
          "runtime.win10-x86.Microsoft.Net.Native.Compiler": "2.2.12-rel-31116-00"
        }
      },
      "Microsoft.Net.UWPCoreRuntimeSdk": {
        "type": "Transitive",
        "resolved": "2.2.14",
        "contentHash": "THMsLyB29wqd9ZI9c05hoMb788QQ5ClsXwLjpt7omTk/OvtUERWgwD6q85s5aSMdze50uhPZDRF/+uju8Lqhgw==",
        "dependencies": {
          "runtime.win10-arm.Microsoft.Net.UWPCoreRuntimeSdk": "2.2.14",
          "runtime.win10-x64.Microsoft.Net.UWPCoreRuntimeSdk": "2.2.14",
          "runtime.win10-x86.Microsoft.Net.UWPCoreRuntimeSdk": "2.2.14"
        }
      },
      "Microsoft.NETCore.Platforms": {
        "type": "Transitive",
        "resolved": "2.1.0",
        "contentHash": "ok+RPAtESz/9MUXeIEz6Lv5XAGQsaNmEYXMsgVALj4D7kqC8gveKWXWXbufLySR2fWrwZf8smyN5RmHu0e4BHA=="
      },
      "NETStandard.Library": {
        "type": "Transitive",
        "resolved": "2.0.3",
        "contentHash": "st47PosZSHrjECdjeIzZQbzivYBJFv6P2nv4cj2ypdI204DO+vZ7l5raGMiX4eXMJ53RfOIg+/s4DHVZ54Nu2A==",
        "dependencies": {
          "Microsoft.NETCore.Platforms": "1.1.0"
        }
      },
      "runtime.win10-arm.Microsoft.Net.Native.Compiler": {
        "type": "Transitive",
        "resolved": "2.2.12-rel-31116-00",
        "contentHash": "JAieAWjpAsAKq2OLgJpKHafrk1gxHTq0nSie1sEKAYjnlBhVIx17ypAX1NLhjMJZ3TkqhktOGm/2r0qTXBAqWg==",
        "dependencies": {
          "runtime.win10-arm.Microsoft.Net.Native.SharedLibrary": "2.2.8-rel-31116-00"
        }
      },
      "runtime.win10-arm.Microsoft.Net.Native.SharedLibrary": {
        "type": "Transitive",
        "resolved": "2.2.8-rel-31116-00",
        "contentHash": "bdNrkqMK7TUyqJjMJj9sXFpTtJg5+cKmGTPERymWldQ7/OxzoA1VGV4nFFRS4ciycxIqoA9amP0sr5SdTaSjDg=="
      },
      "runtime.win10-arm.Microsoft.Net.UWPCoreRuntimeSdk": {
        "type": "Transitive",
        "resolved": "2.2.14",
        "contentHash": "eEtdvL57LKF3/AKuSqk9bJeUaPm0rPMCs36halkQwyTsaykEwzaV634jxpsg9Oneru4DvFW1vlRISdiW2929jA=="
      },
      "runtime.win10-arm64.Microsoft.Net.Native.Compiler": {
        "type": "Transitive",
        "resolved": "2.2.12-rel-31116-00",
        "contentHash": "Rs9fywhVdnJTqegZnSXJ2v0w7oX3xyZ5P1+v9wNlm7mkSb+dEcxgXwrkqTJe9shmLUOOFz8Dm37LbtIPHNzR1A==",
        "dependencies": {
          "runtime.win10-arm64.Microsoft.Net.Native.SharedLibrary": "2.2.8-rel-31116-00"
        }
      },
      "runtime.win10-arm64.Microsoft.Net.Native.SharedLibrary": {
        "type": "Transitive",
        "resolved": "2.2.8-rel-31116-00",
        "contentHash": "mNZPhhxOKUQSgYuBDezHPYFMwP9LYDmVEEHl7bTVAPbfcnxPHdSv6WwJglYlwQRQh+3NSgYRW4WcTxpETkD0AA=="
      },
      "runtime.win10-x64.Microsoft.Net.Native.Compiler": {
        "type": "Transitive",
        "resolved": "2.2.12-rel-31116-00",
        "contentHash": "dAJj40m9Tm6AQ/P7iQxuEN8sVvj6v9TDyulcP7ayvp+FkpR8VyGZWJMSxaMEjr1qVeMRuMCv1JV5DLMCWZvisg==",
        "dependencies": {
          "runtime.win10-x64.Microsoft.Net.Native.SharedLibrary": "2.2.8-rel-31116-00"
        }
      },
      "runtime.win10-x64.Microsoft.Net.Native.SharedLibrary": {
        "type": "Transitive",
        "resolved": "2.2.8-rel-31116-00",
        "contentHash": "kXqhwE+XmgRn9Z1QWkGfIcDKg/pCLJcbRL5w8NWT6jliAx81sjHzquDut3ljPwOC856AUI2WMnBopu0Bf/m4BQ=="
      },
      "runtime.win10-x64.Microsoft.Net.UWPCoreRuntimeSdk": {
        "type": "Transitive",
        "resolved": "2.2.14",
        "contentHash": "a/ONxs2DxZcBnlDo7LDtH4t6imrEuSbf9KxWWBUCP+yCquVFyqtWAt2Z4hiT++yOIz2OMZT9Hmv1VzrgecpQkQ=="
      },
      "runtime.win10-x86.Microsoft.Net.Native.Compiler": {
        "type": "Transitive",
        "resolved": "2.2.12-rel-31116-00",
        "contentHash": "9T8n/l5Ny4rOlL4yGs81wy4AzypMhUgrrtPBqlv46QbKWhHf44EpFKfI6JU+MkJbSh7mZYywBEfmivT0v6gnNA==",
        "dependencies": {
          "runtime.win10-x86.Microsoft.Net.Native.SharedLibrary": "2.2.8-rel-31116-00"
        }
      },
      "runtime.win10-x86.Microsoft.Net.Native.SharedLibrary": {
        "type": "Transitive",
        "resolved": "2.2.8-rel-31116-00",
        "contentHash": "5RGA27cl3z0lf9zsctLBjW2GQoGYeBrg8pesqWLQnb1Ch8q8IZ6pyOwWFUsnXGuYW59OyCfoQGzHFq5Q/73EiQ=="
      },
      "runtime.win10-x86.Microsoft.Net.UWPCoreRuntimeSdk": {
        "type": "Transitive",
        "resolved": "2.2.14",
        "contentHash": "V/hZioMMAwoKZFmfq/SuMA/mfoNFu4+Aedwdld/tpL8ZheehFab0RlAR3pgsPgOWOU+GjyePNIgyUXM5J/Y3Ig=="
      },
      "SQLitePCLRaw.bundle_e_sqlite3": {
        "type": "Transitive",
        "resolved": "2.1.10",
        "contentHash": "UxWuisvZ3uVcVOLJQv7urM/JiQH+v3TmaJc1BLKl5Dxfm/nTzTUrqswCqg/INiYLi61AXnHo1M1JPmPqqLnAdg==",
        "dependencies": {
          "SQLitePCLRaw.lib.e_sqlite3": "2.1.10",
          "SQLitePCLRaw.provider.e_sqlite3": "2.1.10"
        }
      },
      "SQLitePCLRaw.core": {
        "type": "Transitive",
        "resolved": "2.1.10",
        "contentHash": "Ii8JCbC7oiVclaE/mbDEK000EFIJ+ShRPwAvvV89GOZhQ+ZLtlnSWl6ksCNMKu/VGXA4Nfi2B7LhN/QFN9oBcw==",
        "dependencies": {
          "System.Memory": "4.5.3"
        }
      },
      "SQLitePCLRaw.lib.e_sqlite3": {
        "type": "Transitive",
        "resolved": "2.1.10",
        "contentHash": "mAr69tDbnf3QJpRy2nJz8Qdpebdil00fvycyByR58Cn9eARvR+UiG2Vzsp+4q1tV3ikwiYIjlXCQFc12GfebbA=="
      },
      "SQLitePCLRaw.provider.e_sqlite3": {
        "type": "Transitive",
        "resolved": "2.1.10",
        "contentHash": "uZVTi02C1SxqzgT0HqTWatIbWGb40iIkfc3FpFCpE/r7g6K0PqzDUeefL6P6HPhDtc6BacN3yQysfzP7ks+wSQ==",
        "dependencies": {
          "SQLitePCLRaw.core": "2.1.10"
        }
      },
      "System.Memory": {
        "type": "Transitive",
        "resolved": "4.5.3",
        "contentHash": "3oDzvc/zzetpTKWMShs1AADwZjQ/36HnsufHRPcOjyRAAMLDlu2iD33MBI2opxnezcVUtXyqDXXjoFMOU9c7SA==",
        "dependencies": {
          "System.Runtime.CompilerServices.Unsafe": "4.5.2"
        }
      },
      "System.Runtime.CompilerServices.Unsafe": {
        "type": "Transitive",
        "resolved": "4.5.2",
        "contentHash": "wprSFgext8cwqymChhrBLu62LMg/1u92bU+VOwyfBimSPVFXtsNqEWC92Pf9ofzJFlk4IHmJA75EDJn1b2goAQ=="
      },
      "notificationsvisualizerlibrary": {
        "type": "Project",
        "dependencies": {
          "Microsoft.NETCore.UniversalWindowsPlatform": "[6.2.14, )"
        }
      },
      "shell.models": {
        "type": "Project",
        "dependencies": {
          "Microsoft.NETCore.UniversalWindowsPlatform": "[6.2.14, )",
          "NotificationsVisualizerLibrary": "[1.0.0, )"
        }
      }
    },
    "UAP,Version=v10.0.18362/win10-arm": {
      "Microsoft.NETCore.UniversalWindowsPlatform": {
        "type": "Direct",
        "requested": "[6.2.14, )",
        "resolved": "6.2.14",
        "contentHash": "7Mi4cS8JQ7gqm+W+SRCq13c2Rr0yZTuczC9EbV6gRigE2ZhQalnLHyat0ZshT5HDMSkFDxTyjwZymUgFuv3+eg==",
        "dependencies": {
          "Microsoft.NETCore.Platforms": "2.1.0",
          "Microsoft.Net.Native.Compiler": "2.2.12-rel-31116-00",
          "Microsoft.Net.UWPCoreRuntimeSdk": "2.2.14",
          "NETStandard.Library": "2.0.3",
          "runtime.win10-arm.Microsoft.NETCore.UniversalWindowsPlatform": "6.2.14"
        }
      },
      "runtime.win10-arm.Microsoft.NETCore.UniversalWindowsPlatform": {
        "type": "Transitive",
        "resolved": "6.2.14",
        "contentHash": "TKCMvB+6izAQSl7kWimKU2W9iN7gXSMc1Lah3dpY+/PuUjAfSNvfv2HW/mK3TdmjW631/4S9wWYmplLh6ao91w=="
      },
      "SQLitePCLRaw.lib.e_sqlite3": {
        "type": "Transitive",
        "resolved": "2.1.10",
        "contentHash": "mAr69tDbnf3QJpRy2nJz8Qdpebdil00fvycyByR58Cn9eARvR+UiG2Vzsp+4q1tV3ikwiYIjlXCQFc12GfebbA=="
      }
    },
    "UAP,Version=v10.0.18362/win10-arm-aot": {
      "Microsoft.NETCore.UniversalWindowsPlatform": {
        "type": "Direct",
        "requested": "[6.2.14, )",
        "resolved": "6.2.14",
        "contentHash": "7Mi4cS8JQ7gqm+W+SRCq13c2Rr0yZTuczC9EbV6gRigE2ZhQalnLHyat0ZshT5HDMSkFDxTyjwZymUgFuv3+eg==",
        "dependencies": {
          "Microsoft.NETCore.Platforms": "2.1.0",
          "Microsoft.Net.Native.Compiler": "2.2.12-rel-31116-00",
          "Microsoft.Net.UWPCoreRuntimeSdk": "2.2.14",
          "NETStandard.Library": "2.0.3",
          "runtime.win10-arm-aot.Microsoft.NETCore.UniversalWindowsPlatform": "6.2.14"
        }
      },
      "runtime.win10-arm-aot.Microsoft.NETCore.UniversalWindowsPlatform": {
        "type": "Transitive",
        "resolved": "6.2.14",
        "contentHash": "4/GjCV7KtJz7is13eUXxIj4AHn8WTqmQ1u6wx7J4piJYkwViMVz0sGvzwXDt5oSSTvVdsDpa/EQUUBtFyGnmbg=="
      },
      "SQLitePCLRaw.lib.e_sqlite3": {
        "type": "Transitive",
        "resolved": "2.1.10",
        "contentHash": "mAr69tDbnf3QJpRy2nJz8Qdpebdil00fvycyByR58Cn9eARvR+UiG2Vzsp+4q1tV3ikwiYIjlXCQFc12GfebbA=="
      }
    },
    "UAP,Version=v10.0.18362/win10-arm64-aot": {
      "Microsoft.NETCore.UniversalWindowsPlatform": {
        "type": "Direct",
        "requested": "[6.2.14, )",
        "resolved": "6.2.14",
        "contentHash": "7Mi4cS8JQ7gqm+W+SRCq13c2Rr0yZTuczC9EbV6gRigE2ZhQalnLHyat0ZshT5HDMSkFDxTyjwZymUgFuv3+eg==",
        "dependencies": {
          "Microsoft.NETCore.Platforms": "2.1.0",
          "Microsoft.Net.Native.Compiler": "2.2.12-rel-31116-00",
          "Microsoft.Net.UWPCoreRuntimeSdk": "2.2.14",
          "NETStandard.Library": "2.0.3",
          "runtime.win10-arm64-aot.Microsoft.NETCore.UniversalWindowsPlatform": "6.2.14"
        }
      },
      "runtime.win10-arm64-aot.Microsoft.NETCore.UniversalWindowsPlatform": {
        "type": "Transitive",
        "resolved": "6.2.14",
        "contentHash": "8QVHVgSh8G9BgNUPaMllx5f8iEM45a52eCooJAQH1Xq+MfnvVXcmpOVmMRLxwY2dRU77ZoiGRCyeAKwqFcnEYQ=="
      },
      "SQLitePCLRaw.lib.e_sqlite3": {
        "type": "Transitive",
        "resolved": "2.1.10",
        "contentHash": "mAr69tDbnf3QJpRy2nJz8Qdpebdil00fvycyByR58Cn9eARvR+UiG2Vzsp+4q1tV3ikwiYIjlXCQFc12GfebbA=="
      }
    },
    "UAP,Version=v10.0.18362/win10-x64": {
      "Microsoft.NETCore.UniversalWindowsPlatform": {
        "type": "Direct",
        "requested": "[6.2.14, )",
        "resolved": "6.2.14",
        "contentHash": "7Mi4cS8JQ7gqm+W+SRCq13c2Rr0yZTuczC9EbV6gRigE2ZhQalnLHyat0ZshT5HDMSkFDxTyjwZymUgFuv3+eg==",
        "dependencies": {
          "Microsoft.NETCore.Platforms": "2.1.0",
          "Microsoft.Net.Native.Compiler": "2.2.12-rel-31116-00",
          "Microsoft.Net.UWPCoreRuntimeSdk": "2.2.14",
          "NETStandard.Library": "2.0.3",
          "runtime.win10-x64.Microsoft.NETCore.UniversalWindowsPlatform": "6.2.14"
        }
      },
      "runtime.win10-x64.Microsoft.NETCore.UniversalWindowsPlatform": {
        "type": "Transitive",
        "resolved": "6.2.14",
        "contentHash": "SPmQotZQ5ty+UkHMm76k/0DJpZ663qwXvLjVw/LrNmaIQHa+g+6TjKNAyR0ondKnwqu5oT79RJ2Tk8A0JQqBPQ=="
      },
      "SQLitePCLRaw.lib.e_sqlite3": {
        "type": "Transitive",
        "resolved": "2.1.10",
        "contentHash": "mAr69tDbnf3QJpRy2nJz8Qdpebdil00fvycyByR58Cn9eARvR+UiG2Vzsp+4q1tV3ikwiYIjlXCQFc12GfebbA=="
      }
    },
    "UAP,Version=v10.0.18362/win10-x64-aot": {
      "Microsoft.NETCore.UniversalWindowsPlatform": {
        "type": "Direct",
        "requested": "[6.2.14, )",
        "resolved": "6.2.14",
        "contentHash": "7Mi4cS8JQ7gqm+W+SRCq13c2Rr0yZTuczC9EbV6gRigE2ZhQalnLHyat0ZshT5HDMSkFDxTyjwZymUgFuv3+eg==",
        "dependencies": {
          "Microsoft.NETCore.Platforms": "2.1.0",
          "Microsoft.Net.Native.Compiler": "2.2.12-rel-31116-00",
          "Microsoft.Net.UWPCoreRuntimeSdk": "2.2.14",
          "NETStandard.Library": "2.0.3",
          "runtime.win10-x64-aot.Microsoft.NETCore.UniversalWindowsPlatform": "6.2.14"
        }
      },
      "runtime.win10-x64-aot.Microsoft.NETCore.UniversalWindowsPlatform": {
        "type": "Transitive",
        "resolved": "6.2.14",
        "contentHash": "2SPw1ay04TYxrnMs2hxP86j3daB59cnQ8aNPXUcKyon+RA1MN99mWg8V93WDxD82ZDR+citKcM3dxS4oEtDI4g=="
      },
      "SQLitePCLRaw.lib.e_sqlite3": {
        "type": "Transitive",
        "resolved": "2.1.10",
        "contentHash": "mAr69tDbnf3QJpRy2nJz8Qdpebdil00fvycyByR58Cn9eARvR+UiG2Vzsp+4q1tV3ikwiYIjlXCQFc12GfebbA=="
      }
    },
    "UAP,Version=v10.0.18362/win10-x86": {
      "Microsoft.NETCore.UniversalWindowsPlatform": {
        "type": "Direct",
        "requested": "[6.2.14, )",
        "resolved": "6.2.14",
        "contentHash": "7Mi4cS8JQ7gqm+W+SRCq13c2Rr0yZTuczC9EbV6gRigE2ZhQalnLHyat0ZshT5HDMSkFDxTyjwZymUgFuv3+eg==",
        "dependencies": {
          "Microsoft.NETCore.Platforms": "2.1.0",
          "Microsoft.Net.Native.Compiler": "2.2.12-rel-31116-00",
          "Microsoft.Net.UWPCoreRuntimeSdk": "2.2.14",
          "NETStandard.Library": "2.0.3",
          "runtime.win10-x86.Microsoft.NETCore.UniversalWindowsPlatform": "6.2.14"
        }
      },
      "runtime.win10-x86.Microsoft.NETCore.UniversalWindowsPlatform": {
        "type": "Transitive",
        "resolved": "6.2.14",
        "contentHash": "twbdvWFcy0wRd/jiZWeiS6Edui76XwmRLHXLJ3uFpBsimu7XOTLJBMycG11MxdcAjFMa3LnPUkTgiI63wM1b+w=="
      },
      "SQLitePCLRaw.lib.e_sqlite3": {
        "type": "Transitive",
        "resolved": "2.1.10",
        "contentHash": "mAr69tDbnf3QJpRy2nJz8Qdpebdil00fvycyByR58Cn9eARvR+UiG2Vzsp+4q1tV3ikwiYIjlXCQFc12GfebbA=="
      }
    },
    "UAP,Version=v10.0.18362/win10-x86-aot": {
      "Microsoft.NETCore.UniversalWindowsPlatform": {
        "type": "Direct",
        "requested": "[6.2.14, )",
        "resolved": "6.2.14",
        "contentHash": "7Mi4cS8JQ7gqm+W+SRCq13c2Rr0yZTuczC9EbV6gRigE2ZhQalnLHyat0ZshT5HDMSkFDxTyjwZymUgFuv3+eg==",
        "dependencies": {
          "Microsoft.NETCore.Platforms": "2.1.0",
          "Microsoft.Net.Native.Compiler": "2.2.12-rel-31116-00",
          "Microsoft.Net.UWPCoreRuntimeSdk": "2.2.14",
          "NETStandard.Library": "2.0.3",
          "runtime.win10-x86-aot.Microsoft.NETCore.UniversalWindowsPlatform": "6.2.14"
        }
      },
      "runtime.win10-x86-aot.Microsoft.NETCore.UniversalWindowsPlatform": {
        "type": "Transitive",
        "resolved": "6.2.14",
        "contentHash": "3nklK7zt8pQ4/okXv4jA/HlUx/xmnyS/YRKJh19BzXKKhYk/EnRT1zoNcvQDJjhyUZXquffbcxHyBbjd2V2GNQ=="
      },
      "SQLitePCLRaw.lib.e_sqlite3": {
        "type": "Transitive",
        "resolved": "2.1.10",
        "contentHash": "mAr69tDbnf3QJpRy2nJz8Qdpebdil00fvycyByR58Cn9eARvR+UiG2Vzsp+4q1tV3ikwiYIjlXCQFc12GfebbA=="
      }
    }
  }
}